// !$*UTF8*$!
{
	archiveVersion = 1;
	classes = {
	};
	objectVersion = 56;
	objects = {

/* Begin PBXBuildFile section */
		02780041291A28F000B8BA11 /* Color.swift in Sources */ = {isa = PBXBuildFile; fileRef = 02780040291A28F000B8BA11 /* Color.swift */; };
		AE8D4F14291C372C00D91FAE /* ConfigWriter.swift in Sources */ = {isa = PBXBuildFile; fileRef = AE8D4F13291C372C00D91FAE /* ConfigWriter.swift */; };
		AE8D4F16291C376000D91FAE /* Commands.swift in Sources */ = {isa = PBXBuildFile; fileRef = AE8D4F15291C376000D91FAE /* Commands.swift */; };
		AEA23D9B291C29F100E88E19 /* CommandExecutor.swift in Sources */ = {isa = PBXBuildFile; fileRef = AEA23D9A291C29F100E88E19 /* CommandExecutor.swift */; };
		AEB391A329146F40006A0F88 /* keeta_secretiveApp.swift in Sources */ = {isa = PBXBuildFile; fileRef = AEB391A229146F40006A0F88 /* keeta_secretiveApp.swift */; };
		AEB391A529146F40006A0F88 /* ContentView.swift in Sources */ = {isa = PBXBuildFile; fileRef = AEB391A429146F40006A0F88 /* ContentView.swift */; };
		AEB391A729146F41006A0F88 /* Assets.xcassets in Resources */ = {isa = PBXBuildFile; fileRef = AEB391A629146F41006A0F88 /* Assets.xcassets */; };
		AEB391B529146F41006A0F88 /* GrabberTests.swift in Sources */ = {isa = PBXBuildFile; fileRef = AEB391B429146F41006A0F88 /* GrabberTests.swift */; };
		AEB391CF291470A9006A0F88 /* SocketController.swift in Sources */ = {isa = PBXBuildFile; fileRef = AEB391CE291470A9006A0F88 /* SocketController.swift */; };
		AEB391D1291470E1006A0F88 /* FileHandle+ReadWrite.swift in Sources */ = {isa = PBXBuildFile; fileRef = AEB391D0291470E1006A0F88 /* FileHandle+ReadWrite.swift */; };
		AEB391D329147145006A0F88 /* SSHAgent.swift in Sources */ = {isa = PBXBuildFile; fileRef = AEB391D229147145006A0F88 /* SSHAgent.swift */; };
		AEB391D5291471EE006A0F88 /* RequestType.swift in Sources */ = {isa = PBXBuildFile; fileRef = AEB391D4291471EE006A0F88 /* RequestType.swift */; };
		AEB391D729147208006A0F88 /* ResponseType.swift in Sources */ = {isa = PBXBuildFile; fileRef = AEB391D629147208006A0F88 /* ResponseType.swift */; };
		AEB391D9291472AF006A0F88 /* OpenSSHKeyWriter.swift in Sources */ = {isa = PBXBuildFile; fileRef = AEB391D8291472AF006A0F88 /* OpenSSHKeyWriter.swift */; };
		AEB391DC29147485006A0F88 /* Secret.swift in Sources */ = {isa = PBXBuildFile; fileRef = AEB391DB29147485006A0F88 /* Secret.swift */; };
		AEB391DE291474A2006A0F88 /* Algorithm.swift in Sources */ = {isa = PBXBuildFile; fileRef = AEB391DD291474A2006A0F88 /* Algorithm.swift */; };
		AEB391E0291475FC006A0F88 /* SecureEnclaveStore.swift in Sources */ = {isa = PBXBuildFile; fileRef = AEB391DF291475FC006A0F88 /* SecureEnclaveStore.swift */; };
		AEB392322919B3EA006A0F88 /* Setup.swift in Sources */ = {isa = PBXBuildFile; fileRef = AEB392312919B3EA006A0F88 /* Setup.swift */; };
		AEB392342919CB9C006A0F88 /* Data+Extract.swift in Sources */ = {isa = PBXBuildFile; fileRef = AEB392332919CB9C006A0F88 /* Data+Extract.swift */; };
		AEB392362919CDE3006A0F88 /* PersistentAuthenticationContext.swift in Sources */ = {isa = PBXBuildFile; fileRef = AEB392352919CDE3006A0F88 /* PersistentAuthenticationContext.swift */; };
		AEB392382919CFD9006A0F88 /* SecretStore.swift in Sources */ = {isa = PBXBuildFile; fileRef = AEB392372919CFD9006A0F88 /* SecretStore.swift */; };
		AEB3923A2919D2A7006A0F88 /* OpenSSHReader.swift in Sources */ = {isa = PBXBuildFile; fileRef = AEB392392919D2A7006A0F88 /* OpenSSHReader.swift */; };
		AEB3923C2919D5E0006A0F88 /* PublicKeyFileStoreController.swift in Sources */ = {isa = PBXBuildFile; fileRef = AEB3923B2919D5E0006A0F88 /* PublicKeyFileStoreController.swift */; };
		AEEB99BA291B188E009557BC /* Grabber.swift in Sources */ = {isa = PBXBuildFile; fileRef = AEEB99B9291B188E009557BC /* Grabber.swift */; };
		AEF00417291A1AE600EA576C /* Dependencies.swift in Sources */ = {isa = PBXBuildFile; fileRef = AEF00416291A1AE600EA576C /* Dependencies.swift */; };
		AEFA7467291C78DF00066571 /* gnupg in Resources */ = {isa = PBXBuildFile; fileRef = AEFA7466291C78DF00066571 /* gnupg */; };
/* End PBXBuildFile section */

/* Begin PBXContainerItemProxy section */
		AEB391B129146F41006A0F88 /* PBXContainerItemProxy */ = {
			isa = PBXContainerItemProxy;
			containerPortal = AEB3919729146F40006A0F88 /* Project object */;
			proxyType = 1;
			remoteGlobalIDString = AEB3919E29146F40006A0F88;
			remoteInfo = "keeta-secretive";
		};
/* End PBXContainerItemProxy section */

/* Begin PBXFileReference section */
		02780040291A28F000B8BA11 /* Color.swift */ = {isa = PBXFileReference; lastKnownFileType = sourcecode.swift; path = Color.swift; sourceTree = "<group>"; };
		AE8D4F13291C372C00D91FAE /* ConfigWriter.swift */ = {isa = PBXFileReference; lastKnownFileType = sourcecode.swift; path = ConfigWriter.swift; sourceTree = "<group>"; };
		AE8D4F15291C376000D91FAE /* Commands.swift */ = {isa = PBXFileReference; lastKnownFileType = sourcecode.swift; path = Commands.swift; sourceTree = "<group>"; };
		AEA23D9A291C29F100E88E19 /* CommandExecutor.swift */ = {isa = PBXFileReference; lastKnownFileType = sourcecode.swift; path = CommandExecutor.swift; sourceTree = "<group>"; };
		AEB3919F29146F40006A0F88 /* Agent.app */ = {isa = PBXFileReference; explicitFileType = wrapper.application; includeInIndex = 0; path = Agent.app; sourceTree = BUILT_PRODUCTS_DIR; };
		AEB391A229146F40006A0F88 /* keeta_secretiveApp.swift */ = {isa = PBXFileReference; lastKnownFileType = sourcecode.swift; path = keeta_secretiveApp.swift; sourceTree = "<group>"; };
		AEB391A429146F40006A0F88 /* ContentView.swift */ = {isa = PBXFileReference; lastKnownFileType = sourcecode.swift; path = ContentView.swift; sourceTree = "<group>"; };
		AEB391A629146F41006A0F88 /* Assets.xcassets */ = {isa = PBXFileReference; lastKnownFileType = folder.assetcatalog; path = Assets.xcassets; sourceTree = "<group>"; };
		AEB391AB29146F41006A0F88 /* keeta_secretive.entitlements */ = {isa = PBXFileReference; lastKnownFileType = text.plist.entitlements; path = keeta_secretive.entitlements; sourceTree = "<group>"; };
		AEB391B029146F41006A0F88 /* AgentTests.xctest */ = {isa = PBXFileReference; explicitFileType = wrapper.cfbundle; includeInIndex = 0; path = AgentTests.xctest; sourceTree = BUILT_PRODUCTS_DIR; };
		AEB391B429146F41006A0F88 /* GrabberTests.swift */ = {isa = PBXFileReference; lastKnownFileType = sourcecode.swift; path = GrabberTests.swift; sourceTree = "<group>"; };
		AEB391CE291470A9006A0F88 /* SocketController.swift */ = {isa = PBXFileReference; lastKnownFileType = sourcecode.swift; path = SocketController.swift; sourceTree = "<group>"; };
		AEB391D0291470E1006A0F88 /* FileHandle+ReadWrite.swift */ = {isa = PBXFileReference; lastKnownFileType = sourcecode.swift; path = "FileHandle+ReadWrite.swift"; sourceTree = "<group>"; };
		AEB391D229147145006A0F88 /* SSHAgent.swift */ = {isa = PBXFileReference; lastKnownFileType = sourcecode.swift; path = SSHAgent.swift; sourceTree = "<group>"; };
		AEB391D4291471EE006A0F88 /* RequestType.swift */ = {isa = PBXFileReference; lastKnownFileType = sourcecode.swift; path = RequestType.swift; sourceTree = "<group>"; };
		AEB391D629147208006A0F88 /* ResponseType.swift */ = {isa = PBXFileReference; lastKnownFileType = sourcecode.swift; path = ResponseType.swift; sourceTree = "<group>"; };
		AEB391D8291472AF006A0F88 /* OpenSSHKeyWriter.swift */ = {isa = PBXFileReference; lastKnownFileType = sourcecode.swift; path = OpenSSHKeyWriter.swift; sourceTree = "<group>"; };
		AEB391DB29147485006A0F88 /* Secret.swift */ = {isa = PBXFileReference; lastKnownFileType = sourcecode.swift; path = Secret.swift; sourceTree = "<group>"; };
		AEB391DD291474A2006A0F88 /* Algorithm.swift */ = {isa = PBXFileReference; lastKnownFileType = sourcecode.swift; path = Algorithm.swift; sourceTree = "<group>"; };
		AEB391DF291475FC006A0F88 /* SecureEnclaveStore.swift */ = {isa = PBXFileReference; lastKnownFileType = sourcecode.swift; path = SecureEnclaveStore.swift; sourceTree = "<group>"; };
		AEB392312919B3EA006A0F88 /* Setup.swift */ = {isa = PBXFileReference; lastKnownFileType = sourcecode.swift; path = Setup.swift; sourceTree = "<group>"; };
		AEB392332919CB9C006A0F88 /* Data+Extract.swift */ = {isa = PBXFileReference; lastKnownFileType = sourcecode.swift; path = "Data+Extract.swift"; sourceTree = "<group>"; };
		AEB392352919CDE3006A0F88 /* PersistentAuthenticationContext.swift */ = {isa = PBXFileReference; lastKnownFileType = sourcecode.swift; path = PersistentAuthenticationContext.swift; sourceTree = "<group>"; };
		AEB392372919CFD9006A0F88 /* SecretStore.swift */ = {isa = PBXFileReference; lastKnownFileType = sourcecode.swift; path = SecretStore.swift; sourceTree = "<group>"; };
		AEB392392919D2A7006A0F88 /* OpenSSHReader.swift */ = {isa = PBXFileReference; lastKnownFileType = sourcecode.swift; path = OpenSSHReader.swift; sourceTree = "<group>"; };
		AEB3923B2919D5E0006A0F88 /* PublicKeyFileStoreController.swift */ = {isa = PBXFileReference; lastKnownFileType = sourcecode.swift; path = PublicKeyFileStoreController.swift; sourceTree = "<group>"; };
		AEEB99B9291B188E009557BC /* Grabber.swift */ = {isa = PBXFileReference; lastKnownFileType = sourcecode.swift; path = Grabber.swift; sourceTree = "<group>"; };
		AEF00416291A1AE600EA576C /* Dependencies.swift */ = {isa = PBXFileReference; lastKnownFileType = sourcecode.swift; path = Dependencies.swift; sourceTree = "<group>"; };
		AEFA7466291C78DF00066571 /* gnupg */ = {isa = PBXFileReference; lastKnownFileType = folder; path = gnupg; sourceTree = "<group>"; };
/* End PBXFileReference section */

/* Begin PBXFrameworksBuildPhase section */
		AEB3919C29146F40006A0F88 /* Frameworks */ = {
			isa = PBXFrameworksBuildPhase;
			buildActionMask = 2147483647;
			files = (
			);
			runOnlyForDeploymentPostprocessing = 0;
		};
		AEB391AD29146F41006A0F88 /* Frameworks */ = {
			isa = PBXFrameworksBuildPhase;
			buildActionMask = 2147483647;
			files = (
			);
			runOnlyForDeploymentPostprocessing = 0;
		};
/* End PBXFrameworksBuildPhase section */

/* Begin PBXGroup section */
		0278003B291A26CD00B8BA11 /* Helpers */ = {
			isa = PBXGroup;
			children = (
				02780040291A28F000B8BA11 /* Color.swift */,
			);
			path = Helpers;
			sourceTree = "<group>";
		};
		AEB3919629146F40006A0F88 = {
			isa = PBXGroup;
			children = (
				AEB391A129146F40006A0F88 /* Agent */,
				AEB391B329146F41006A0F88 /* keeta-secretiveTests */,
				AEB391A029146F40006A0F88 /* Products */,
			);
			sourceTree = "<group>";
		};
		AEB391A029146F40006A0F88 /* Products */ = {
			isa = PBXGroup;
			children = (
				AEB3919F29146F40006A0F88 /* Agent.app */,
				AEB391B029146F41006A0F88 /* AgentTests.xctest */,
			);
			name = Products;
			sourceTree = "<group>";
		};
		AEB391A129146F40006A0F88 /* Agent */ = {
			isa = PBXGroup;
			children = (
				AEFA7466291C78DF00066571 /* gnupg */,
				0278003B291A26CD00B8BA11 /* Helpers */,
				AEB3922E2919B397006A0F88 /* Setup */,
				AEB391DA2914747A006A0F88 /* Secrets */,
				AEB391CD29147097006A0F88 /* SSH Agent */,
				AEB391A229146F40006A0F88 /* keeta_secretiveApp.swift */,
				AEB391A429146F40006A0F88 /* ContentView.swift */,
				AEB391A629146F41006A0F88 /* Assets.xcassets */,
				AEB391AB29146F41006A0F88 /* keeta_secretive.entitlements */,
				AEF00416291A1AE600EA576C /* Dependencies.swift */,
			);
			path = Agent;
			sourceTree = "<group>";
		};
		AEB391B329146F41006A0F88 /* keeta-secretiveTests */ = {
			isa = PBXGroup;
			children = (
				AEB391B429146F41006A0F88 /* GrabberTests.swift */,
			);
			path = "keeta-secretiveTests";
			sourceTree = "<group>";
		};
		AEB391CD29147097006A0F88 /* SSH Agent */ = {
			isa = PBXGroup;
			children = (
				AEB391CE291470A9006A0F88 /* SocketController.swift */,
				AEB391D0291470E1006A0F88 /* FileHandle+ReadWrite.swift */,
				AEB391D229147145006A0F88 /* SSHAgent.swift */,
				AEB391D4291471EE006A0F88 /* RequestType.swift */,
				AEB391D629147208006A0F88 /* ResponseType.swift */,
				AEB391D8291472AF006A0F88 /* OpenSSHKeyWriter.swift */,
				AEB392332919CB9C006A0F88 /* Data+Extract.swift */,
				AEB392392919D2A7006A0F88 /* OpenSSHReader.swift */,
			);
			path = "SSH Agent";
			sourceTree = "<group>";
		};
		AEB391DA2914747A006A0F88 /* Secrets */ = {
			isa = PBXGroup;
			children = (
				AEB391DB29147485006A0F88 /* Secret.swift */,
				AEB392372919CFD9006A0F88 /* SecretStore.swift */,
				AEB391DD291474A2006A0F88 /* Algorithm.swift */,
				AEB391DF291475FC006A0F88 /* SecureEnclaveStore.swift */,
				AEB392352919CDE3006A0F88 /* PersistentAuthenticationContext.swift */,
				AEB3923B2919D5E0006A0F88 /* PublicKeyFileStoreController.swift */,
			);
			path = Secrets;
			sourceTree = "<group>";
		};
		AEB3922E2919B397006A0F88 /* Setup */ = {
			isa = PBXGroup;
			children = (
				AEB392312919B3EA006A0F88 /* Setup.swift */,
				AE8D4F15291C376000D91FAE /* Commands.swift */,
				AEA23D9A291C29F100E88E19 /* CommandExecutor.swift */,
				AE8D4F13291C372C00D91FAE /* ConfigWriter.swift */,
				AEEB99B9291B188E009557BC /* Grabber.swift */,
			);
			path = Setup;
			sourceTree = "<group>";
		};
/* End PBXGroup section */

/* Begin PBXNativeTarget section */
		AEB3919E29146F40006A0F88 /* Agent */ = {
			isa = PBXNativeTarget;
			buildConfigurationList = AEB391C429146F41006A0F88 /* Build configuration list for PBXNativeTarget "Agent" */;
			buildPhases = (
				AEB3919B29146F40006A0F88 /* Sources */,
				AEB3919C29146F40006A0F88 /* Frameworks */,
				AEB3919D29146F40006A0F88 /* Resources */,
			);
			buildRules = (
			);
			dependencies = (
			);
			name = Agent;
			productName = "keeta-secretive";
			productReference = AEB3919F29146F40006A0F88 /* Agent.app */;
			productType = "com.apple.product-type.application";
		};
		AEB391AF29146F41006A0F88 /* AgentTests */ = {
			isa = PBXNativeTarget;
			buildConfigurationList = AEB391C729146F41006A0F88 /* Build configuration list for PBXNativeTarget "AgentTests" */;
			buildPhases = (
				AEB391AC29146F41006A0F88 /* Sources */,
				AEB391AD29146F41006A0F88 /* Frameworks */,
				AEB391AE29146F41006A0F88 /* Resources */,
			);
			buildRules = (
			);
			dependencies = (
				AEB391B229146F41006A0F88 /* PBXTargetDependency */,
			);
			name = AgentTests;
			productName = "keeta-secretiveTests";
			productReference = AEB391B029146F41006A0F88 /* AgentTests.xctest */;
			productType = "com.apple.product-type.bundle.unit-test";
		};
/* End PBXNativeTarget section */

/* Begin PBXProject section */
		AEB3919729146F40006A0F88 /* Project object */ = {
			isa = PBXProject;
			attributes = {
				BuildIndependentTargetsInParallel = 1;
				LastSwiftUpdateCheck = 1400;
				LastUpgradeCheck = 1400;
				TargetAttributes = {
					AEB3919E29146F40006A0F88 = {
						CreatedOnToolsVersion = 14.0.1;
					};
					AEB391AF29146F41006A0F88 = {
						CreatedOnToolsVersion = 14.0.1;
						TestTargetID = AEB3919E29146F40006A0F88;
					};
				};
			};
			buildConfigurationList = AEB3919A29146F40006A0F88 /* Build configuration list for PBXProject "Agent" */;
			compatibilityVersion = "Xcode 14.0";
			developmentRegion = en;
			hasScannedForEncodings = 0;
			knownRegions = (
				en,
				Base,
			);
			mainGroup = AEB3919629146F40006A0F88;
			productRefGroup = AEB391A029146F40006A0F88 /* Products */;
			projectDirPath = "";
			projectRoot = "";
			targets = (
				AEB3919E29146F40006A0F88 /* Agent */,
				AEB391AF29146F41006A0F88 /* AgentTests */,
			);
		};
/* End PBXProject section */

/* Begin PBXResourcesBuildPhase section */
		AEB3919D29146F40006A0F88 /* Resources */ = {
			isa = PBXResourcesBuildPhase;
			buildActionMask = 2147483647;
			files = (
				AEFA7467291C78DF00066571 /* gnupg in Resources */,
				AEB391A729146F41006A0F88 /* Assets.xcassets in Resources */,
			);
			runOnlyForDeploymentPostprocessing = 0;
		};
		AEB391AE29146F41006A0F88 /* Resources */ = {
			isa = PBXResourcesBuildPhase;
			buildActionMask = 2147483647;
			files = (
			);
			runOnlyForDeploymentPostprocessing = 0;
		};
/* End PBXResourcesBuildPhase section */

/* Begin PBXSourcesBuildPhase section */
		AEB3919B29146F40006A0F88 /* Sources */ = {
			isa = PBXSourcesBuildPhase;
			buildActionMask = 2147483647;
			files = (
				AEF00417291A1AE600EA576C /* Dependencies.swift in Sources */,
				AEEB99BA291B188E009557BC /* Grabber.swift in Sources */,
				AEB391CF291470A9006A0F88 /* SocketController.swift in Sources */,
				AEB391D329147145006A0F88 /* SSHAgent.swift in Sources */,
				AEB391A529146F40006A0F88 /* ContentView.swift in Sources */,
				AEB391A329146F40006A0F88 /* keeta_secretiveApp.swift in Sources */,
				AEB391D1291470E1006A0F88 /* FileHandle+ReadWrite.swift in Sources */,
				AEA23D9B291C29F100E88E19 /* CommandExecutor.swift in Sources */,
				AEB391D5291471EE006A0F88 /* RequestType.swift in Sources */,
				AEB392342919CB9C006A0F88 /* Data+Extract.swift in Sources */,
				AEB3923C2919D5E0006A0F88 /* PublicKeyFileStoreController.swift in Sources */,
				AEB391D729147208006A0F88 /* ResponseType.swift in Sources */,
				AE8D4F14291C372C00D91FAE /* ConfigWriter.swift in Sources */,
				AEB391DC29147485006A0F88 /* Secret.swift in Sources */,
				02780041291A28F000B8BA11 /* Color.swift in Sources */,
				AEB391D9291472AF006A0F88 /* OpenSSHKeyWriter.swift in Sources */,
				AEB392362919CDE3006A0F88 /* PersistentAuthenticationContext.swift in Sources */,
				AE8D4F16291C376000D91FAE /* Commands.swift in Sources */,
				AEB392322919B3EA006A0F88 /* Setup.swift in Sources */,
				AEB3923A2919D2A7006A0F88 /* OpenSSHReader.swift in Sources */,
				AEB391DE291474A2006A0F88 /* Algorithm.swift in Sources */,
				AEB391E0291475FC006A0F88 /* SecureEnclaveStore.swift in Sources */,
				AEB392382919CFD9006A0F88 /* SecretStore.swift in Sources */,
			);
			runOnlyForDeploymentPostprocessing = 0;
		};
		AEB391AC29146F41006A0F88 /* Sources */ = {
			isa = PBXSourcesBuildPhase;
			buildActionMask = 2147483647;
			files = (
				AEB391B529146F41006A0F88 /* GrabberTests.swift in Sources */,
			);
			runOnlyForDeploymentPostprocessing = 0;
		};
/* End PBXSourcesBuildPhase section */

/* Begin PBXTargetDependency section */
		AEB391B229146F41006A0F88 /* PBXTargetDependency */ = {
			isa = PBXTargetDependency;
			target = AEB3919E29146F40006A0F88 /* Agent */;
			targetProxy = AEB391B129146F41006A0F88 /* PBXContainerItemProxy */;
		};
/* End PBXTargetDependency section */

/* Begin XCBuildConfiguration section */
		AEB391C229146F41006A0F88 /* Debug */ = {
			isa = XCBuildConfiguration;
			buildSettings = {
				ALWAYS_SEARCH_USER_PATHS = NO;
				CLANG_ANALYZER_NONNULL = YES;
				CLANG_ANALYZER_NUMBER_OBJECT_CONVERSION = YES_AGGRESSIVE;
				CLANG_CXX_LANGUAGE_STANDARD = "gnu++20";
				CLANG_ENABLE_MODULES = YES;
				CLANG_ENABLE_OBJC_ARC = YES;
				CLANG_ENABLE_OBJC_WEAK = YES;
				CLANG_WARN_BLOCK_CAPTURE_AUTORELEASING = YES;
				CLANG_WARN_BOOL_CONVERSION = YES;
				CLANG_WARN_COMMA = YES;
				CLANG_WARN_CONSTANT_CONVERSION = YES;
				CLANG_WARN_DEPRECATED_OBJC_IMPLEMENTATIONS = YES;
				CLANG_WARN_DIRECT_OBJC_ISA_USAGE = YES_ERROR;
				CLANG_WARN_DOCUMENTATION_COMMENTS = YES;
				CLANG_WARN_EMPTY_BODY = YES;
				CLANG_WARN_ENUM_CONVERSION = YES;
				CLANG_WARN_INFINITE_RECURSION = YES;
				CLANG_WARN_INT_CONVERSION = YES;
				CLANG_WARN_NON_LITERAL_NULL_CONVERSION = YES;
				CLANG_WARN_OBJC_IMPLICIT_RETAIN_SELF = YES;
				CLANG_WARN_OBJC_LITERAL_CONVERSION = YES;
				CLANG_WARN_OBJC_ROOT_CLASS = YES_ERROR;
				CLANG_WARN_QUOTED_INCLUDE_IN_FRAMEWORK_HEADER = YES;
				CLANG_WARN_RANGE_LOOP_ANALYSIS = YES;
				CLANG_WARN_STRICT_PROTOTYPES = YES;
				CLANG_WARN_SUSPICIOUS_MOVE = YES;
				CLANG_WARN_UNGUARDED_AVAILABILITY = YES_AGGRESSIVE;
				CLANG_WARN_UNREACHABLE_CODE = YES;
				CLANG_WARN__DUPLICATE_METHOD_MATCH = YES;
				COPY_PHASE_STRIP = NO;
				DEBUG_INFORMATION_FORMAT = dwarf;
				ENABLE_STRICT_OBJC_MSGSEND = YES;
				ENABLE_TESTABILITY = YES;
				GCC_C_LANGUAGE_STANDARD = gnu11;
				GCC_DYNAMIC_NO_PIC = NO;
				GCC_NO_COMMON_BLOCKS = YES;
				GCC_OPTIMIZATION_LEVEL = 0;
				GCC_PREPROCESSOR_DEFINITIONS = (
					"DEBUG=1",
					"$(inherited)",
				);
				GCC_WARN_64_TO_32_BIT_CONVERSION = YES;
				GCC_WARN_ABOUT_RETURN_TYPE = YES_ERROR;
				GCC_WARN_UNDECLARED_SELECTOR = YES;
				GCC_WARN_UNINITIALIZED_AUTOS = YES_AGGRESSIVE;
				GCC_WARN_UNUSED_FUNCTION = YES;
				GCC_WARN_UNUSED_VARIABLE = YES;
				MACOSX_DEPLOYMENT_TARGET = 12.3;
				MTL_ENABLE_DEBUG_INFO = INCLUDE_SOURCE;
				MTL_FAST_MATH = YES;
				ONLY_ACTIVE_ARCH = YES;
				SDKROOT = macosx;
				SWIFT_ACTIVE_COMPILATION_CONDITIONS = DEBUG;
				SWIFT_OPTIMIZATION_LEVEL = "-Onone";
			};
			name = Debug;
		};
		AEB391C329146F41006A0F88 /* Release */ = {
			isa = XCBuildConfiguration;
			buildSettings = {
				ALWAYS_SEARCH_USER_PATHS = NO;
				CLANG_ANALYZER_NONNULL = YES;
				CLANG_ANALYZER_NUMBER_OBJECT_CONVERSION = YES_AGGRESSIVE;
				CLANG_CXX_LANGUAGE_STANDARD = "gnu++20";
				CLANG_ENABLE_MODULES = YES;
				CLANG_ENABLE_OBJC_ARC = YES;
				CLANG_ENABLE_OBJC_WEAK = YES;
				CLANG_WARN_BLOCK_CAPTURE_AUTORELEASING = YES;
				CLANG_WARN_BOOL_CONVERSION = YES;
				CLANG_WARN_COMMA = YES;
				CLANG_WARN_CONSTANT_CONVERSION = YES;
				CLANG_WARN_DEPRECATED_OBJC_IMPLEMENTATIONS = YES;
				CLANG_WARN_DIRECT_OBJC_ISA_USAGE = YES_ERROR;
				CLANG_WARN_DOCUMENTATION_COMMENTS = YES;
				CLANG_WARN_EMPTY_BODY = YES;
				CLANG_WARN_ENUM_CONVERSION = YES;
				CLANG_WARN_INFINITE_RECURSION = YES;
				CLANG_WARN_INT_CONVERSION = YES;
				CLANG_WARN_NON_LITERAL_NULL_CONVERSION = YES;
				CLANG_WARN_OBJC_IMPLICIT_RETAIN_SELF = YES;
				CLANG_WARN_OBJC_LITERAL_CONVERSION = YES;
				CLANG_WARN_OBJC_ROOT_CLASS = YES_ERROR;
				CLANG_WARN_QUOTED_INCLUDE_IN_FRAMEWORK_HEADER = YES;
				CLANG_WARN_RANGE_LOOP_ANALYSIS = YES;
				CLANG_WARN_STRICT_PROTOTYPES = YES;
				CLANG_WARN_SUSPICIOUS_MOVE = YES;
				CLANG_WARN_UNGUARDED_AVAILABILITY = YES_AGGRESSIVE;
				CLANG_WARN_UNREACHABLE_CODE = YES;
				CLANG_WARN__DUPLICATE_METHOD_MATCH = YES;
				COPY_PHASE_STRIP = NO;
				DEBUG_INFORMATION_FORMAT = "dwarf-with-dsym";
				ENABLE_NS_ASSERTIONS = NO;
				ENABLE_STRICT_OBJC_MSGSEND = YES;
				GCC_C_LANGUAGE_STANDARD = gnu11;
				GCC_NO_COMMON_BLOCKS = YES;
				GCC_WARN_64_TO_32_BIT_CONVERSION = YES;
				GCC_WARN_ABOUT_RETURN_TYPE = YES_ERROR;
				GCC_WARN_UNDECLARED_SELECTOR = YES;
				GCC_WARN_UNINITIALIZED_AUTOS = YES_AGGRESSIVE;
				GCC_WARN_UNUSED_FUNCTION = YES;
				GCC_WARN_UNUSED_VARIABLE = YES;
				MACOSX_DEPLOYMENT_TARGET = 12.3;
				MTL_ENABLE_DEBUG_INFO = NO;
				MTL_FAST_MATH = YES;
				SDKROOT = macosx;
				SWIFT_COMPILATION_MODE = wholemodule;
				SWIFT_OPTIMIZATION_LEVEL = "-O";
			};
			name = Release;
		};
		AEB391C529146F41006A0F88 /* Debug */ = {
			isa = XCBuildConfiguration;
			buildSettings = {
				ASSETCATALOG_COMPILER_APPICON_NAME = AppIcon;
				ASSETCATALOG_COMPILER_GLOBAL_ACCENT_COLOR_NAME = AccentColor;
				CODE_SIGN_ENTITLEMENTS = Agent/keeta_secretive.entitlements;
				CODE_SIGN_STYLE = Automatic;
				COMBINE_HIDPI_IMAGES = YES;
				CURRENT_PROJECT_VERSION = 1;
				DEVELOPMENT_ASSET_PATHS = "";
				DEVELOPMENT_TEAM = 2BG69HN56W;
				ENABLE_HARDENED_RUNTIME = YES;
				ENABLE_PREVIEWS = YES;
				GENERATE_INFOPLIST_FILE = YES;
				INFOPLIST_KEY_CFBundleDisplayName = "Keeta Agent";
				INFOPLIST_KEY_LSApplicationCategoryType = "public.app-category.utilities";
				INFOPLIST_KEY_NSHumanReadableCopyright = "";
				LD_RUNPATH_SEARCH_PATHS = (
					"$(inherited)",
					"@executable_path/../Frameworks",
				);
				LIBRARY_SEARCH_PATHS = (
					"$(inherited)",
					"$(PROJECT_DIR)/Agent/gnupg/lib",
				);
				MARKETING_VERSION = 1.0;
				PRODUCT_BUNDLE_IDENTIFIER = com.keeta.agent;
				PRODUCT_NAME = "$(TARGET_NAME)";
				SWIFT_EMIT_LOC_STRINGS = YES;
				SWIFT_VERSION = 5.0;
			};
			name = Debug;
		};
		AEB391C629146F41006A0F88 /* Release */ = {
			isa = XCBuildConfiguration;
			buildSettings = {
				ASSETCATALOG_COMPILER_APPICON_NAME = AppIcon;
				ASSETCATALOG_COMPILER_GLOBAL_ACCENT_COLOR_NAME = AccentColor;
				CODE_SIGN_ENTITLEMENTS = Agent/keeta_secretive.entitlements;
				CODE_SIGN_STYLE = Automatic;
				COMBINE_HIDPI_IMAGES = YES;
				CURRENT_PROJECT_VERSION = 1;
				DEVELOPMENT_ASSET_PATHS = "";
				DEVELOPMENT_TEAM = 2BG69HN56W;
				ENABLE_HARDENED_RUNTIME = YES;
				ENABLE_PREVIEWS = YES;
				GENERATE_INFOPLIST_FILE = YES;
				INFOPLIST_KEY_CFBundleDisplayName = "Keeta Agent";
				INFOPLIST_KEY_LSApplicationCategoryType = "public.app-category.utilities";
				INFOPLIST_KEY_NSHumanReadableCopyright = "";
				LD_RUNPATH_SEARCH_PATHS = (
					"$(inherited)",
					"@executable_path/../Frameworks",
				);
				LIBRARY_SEARCH_PATHS = (
					"$(inherited)",
					"$(PROJECT_DIR)/Agent/gnupg/lib",
				);
				MARKETING_VERSION = 1.0;
				PRODUCT_BUNDLE_IDENTIFIER = com.keeta.agent;
				PRODUCT_NAME = "$(TARGET_NAME)";
				SWIFT_EMIT_LOC_STRINGS = YES;
				SWIFT_VERSION = 5.0;
			};
			name = Release;
		};
		AEB391C829146F41006A0F88 /* Debug */ = {
			isa = XCBuildConfiguration;
			buildSettings = {
				ALWAYS_EMBED_SWIFT_STANDARD_LIBRARIES = YES;
				BUNDLE_LOADER = "$(TEST_HOST)";
				CODE_SIGN_STYLE = Automatic;
				CURRENT_PROJECT_VERSION = 1;
				DEVELOPMENT_TEAM = 2BG69HN56W;
				GENERATE_INFOPLIST_FILE = YES;
				MACOSX_DEPLOYMENT_TARGET = 12.3;
				MARKETING_VERSION = 1.0;
				PRODUCT_BUNDLE_IDENTIFIER = "com.keeta.secretive.keeta-secretiveTests";
				PRODUCT_NAME = "$(TARGET_NAME)";
				SWIFT_EMIT_LOC_STRINGS = NO;
				SWIFT_VERSION = 5.0;
				TEST_HOST = "$(BUILT_PRODUCTS_DIR)/Agent.app/$(BUNDLE_EXECUTABLE_FOLDER_PATH)/Agent";
			};
			name = Debug;
		};
		AEB391C929146F41006A0F88 /* Release */ = {
			isa = XCBuildConfiguration;
			buildSettings = {
				ALWAYS_EMBED_SWIFT_STANDARD_LIBRARIES = YES;
				BUNDLE_LOADER = "$(TEST_HOST)";
				CODE_SIGN_STYLE = Automatic;
				CURRENT_PROJECT_VERSION = 1;
				DEVELOPMENT_TEAM = 2BG69HN56W;
				GENERATE_INFOPLIST_FILE = YES;
				MACOSX_DEPLOYMENT_TARGET = 12.3;
				MARKETING_VERSION = 1.0;
				PRODUCT_BUNDLE_IDENTIFIER = "com.keeta.secretive.keeta-secretiveTests";
				PRODUCT_NAME = "$(TARGET_NAME)";
				SWIFT_EMIT_LOC_STRINGS = NO;
				SWIFT_VERSION = 5.0;
				TEST_HOST = "$(BUILT_PRODUCTS_DIR)/Agent.app/$(BUNDLE_EXECUTABLE_FOLDER_PATH)/Agent";
			};
			name = Release;
		};
/* End XCBuildConfiguration section */

/* Begin XCConfigurationList section */
		AEB3919A29146F40006A0F88 /* Build configuration list for PBXProject "Agent" */ = {
			isa = XCConfigurationList;
			buildConfigurations = (
				AEB391C229146F41006A0F88 /* Debug */,
				AEB391C329146F41006A0F88 /* Release */,
			);
			defaultConfigurationIsVisible = 0;
			defaultConfigurationName = Release;
		};
		AEB391C429146F41006A0F88 /* Build configuration list for PBXNativeTarget "Agent" */ = {
			isa = XCConfigurationList;
			buildConfigurations = (
				AEB391C529146F41006A0F88 /* Debug */,
				AEB391C629146F41006A0F88 /* Release */,
			);
			defaultConfigurationIsVisible = 0;
			defaultConfigurationName = Release;
		};
		AEB391C729146F41006A0F88 /* Build configuration list for PBXNativeTarget "AgentTests" */ = {
			isa = XCConfigurationList;
			buildConfigurations = (
				AEB391C829146F41006A0F88 /* Debug */,
				AEB391C929146F41006A0F88 /* Release */,
			);
			defaultConfigurationIsVisible = 0;
			defaultConfigurationName = Release;
		};
/* End XCConfigurationList section */
	};
	rootObject = AEB3919729146F40006A0F88 /* Project object */;
}
