// !$*UTF8*$!
{
	archiveVersion = 1;
	classes = {
	};
	objectVersion = 56;
	objects = {

/* Begin PBXBuildFile section */
		02577371291B565E003E0889 /* Storage.swift in Sources */ = {isa = PBXBuildFile; fileRef = 02577370291B565E003E0889 /* Storage.swift */; };
		02577373291B5687003E0889 /* AgentUser.swift in Sources */ = {isa = PBXBuildFile; fileRef = 02577372291B5687003E0889 /* AgentUser.swift */; };
		02577375291B56A0003E0889 /* GithubUser.swift in Sources */ = {isa = PBXBuildFile; fileRef = 02577374291B56A0003E0889 /* GithubUser.swift */; };
		02577377291B56B5003E0889 /* GithubGPG.swift in Sources */ = {isa = PBXBuildFile; fileRef = 02577376291B56B5003E0889 /* GithubGPG.swift */; };
		026503322920CA4600663A78 /* GenerateView.swift in Sources */ = {isa = PBXBuildFile; fileRef = 026503312920CA4600663A78 /* GenerateView.swift */; };
		026503342920D02000663A78 /* GithubSSH.swift in Sources */ = {isa = PBXBuildFile; fileRef = 026503332920D02000663A78 /* GithubSSH.swift */; };
		02780041291A28F000B8BA11 /* Color.swift in Sources */ = {isa = PBXBuildFile; fileRef = 02780040291A28F000B8BA11 /* Color.swift */; };
		02780044291A4D7A00B8BA11 /* GithubAPI.swift in Sources */ = {isa = PBXBuildFile; fileRef = 02780043291A4D7A00B8BA11 /* GithubAPI.swift */; };
		02780047291A539000B8BA11 /* Link.swift in Sources */ = {isa = PBXBuildFile; fileRef = 02780046291A539000B8BA11 /* Link.swift */; };
		0278004A291A615500B8BA11 /* KeyView.swift in Sources */ = {isa = PBXBuildFile; fileRef = 02780049291A615500B8BA11 /* KeyView.swift */; };
		0278004C291A658B00B8BA11 /* KeetaButton.swift in Sources */ = {isa = PBXBuildFile; fileRef = 0278004B291A658B00B8BA11 /* KeetaButton.swift */; };
		0278004E291A65F000B8BA11 /* GithubButton.swift in Sources */ = {isa = PBXBuildFile; fileRef = 0278004D291A65F000B8BA11 /* GithubButton.swift */; };
		02780052291A663700B8BA11 /* HeaderView.swift in Sources */ = {isa = PBXBuildFile; fileRef = 02780051291A663700B8BA11 /* HeaderView.swift */; };
		02780054291A68F500B8BA11 /* GPGKeyHeader.swift in Sources */ = {isa = PBXBuildFile; fileRef = 02780053291A68F500B8BA11 /* GPGKeyHeader.swift */; };
		02780056291A691B00B8BA11 /* KeyDivider.swift in Sources */ = {isa = PBXBuildFile; fileRef = 02780055291A691B00B8BA11 /* KeyDivider.swift */; };
		02780058291A693E00B8BA11 /* GPGKeyText.swift in Sources */ = {isa = PBXBuildFile; fileRef = 02780057291A693E00B8BA11 /* GPGKeyText.swift */; };
		0278005C291A699A00B8BA11 /* CopyButton.swift in Sources */ = {isa = PBXBuildFile; fileRef = 0278005B291A699A00B8BA11 /* CopyButton.swift */; };
		02780063291A6DBF00B8BA11 /* keeta-secure-storage in Frameworks */ = {isa = PBXBuildFile; productRef = 02780062291A6DBF00B8BA11 /* keeta-secure-storage */; };
		028637772920C29C000D978D /* SSHKey.swift in Sources */ = {isa = PBXBuildFile; fileRef = 028637762920C29C000D978D /* SSHKey.swift */; };
		02C9FFB92920C6F8003AF470 /* KeyIcon.swift in Sources */ = {isa = PBXBuildFile; fileRef = 02C9FFB82920C6F8003AF470 /* KeyIcon.swift */; };
		02C9FFBD2920C73A003AF470 /* SSHKeyText.swift in Sources */ = {isa = PBXBuildFile; fileRef = 02C9FFBC2920C73A003AF470 /* SSHKeyText.swift */; };
		02C9FFC12920C7B6003AF470 /* SSHKeyHeader.swift in Sources */ = {isa = PBXBuildFile; fileRef = 02C9FFC02920C7B6003AF470 /* SSHKeyHeader.swift */; };
		02D9C586291E0D4D00586CEB /* GPGKey.swift in Sources */ = {isa = PBXBuildFile; fileRef = 02D9C585291E0D4D00586CEB /* GPGKey.swift */; };
		02D9C58A291E139600586CEB /* AgentSpacing.swift in Sources */ = {isa = PBXBuildFile; fileRef = 02D9C589291E139600586CEB /* AgentSpacing.swift */; };
		02FB222C292979960010B73C /* LaunchAtLogin.swift in Sources */ = {isa = PBXBuildFile; fileRef = 02FB222B292979960010B73C /* LaunchAtLogin.swift */; };
		AE75C4EA292076300087A584 /* GPGUtil.swift in Sources */ = {isa = PBXBuildFile; fileRef = AE75C4E9292076300087A584 /* GPGUtil.swift */; };
		AE75C4EE2922083B0087A584 /* KeetaAgent.swift in Sources */ = {isa = PBXBuildFile; fileRef = AE75C4ED2922083B0087A584 /* KeetaAgent.swift */; };
		AE75C4F02922CDC80087A584 /* SigningRequestTracer.swift in Sources */ = {isa = PBXBuildFile; fileRef = AE75C4EF2922CDC80087A584 /* SigningRequestTracer.swift */; };
		AE75C4F22922D00C0087A584 /* SigningRequestProvenance.swift in Sources */ = {isa = PBXBuildFile; fileRef = AE75C4F12922D00C0087A584 /* SigningRequestProvenance.swift */; };
		AE8D4F14291C372C00D91FAE /* ConfigWriter.swift in Sources */ = {isa = PBXBuildFile; fileRef = AE8D4F13291C372C00D91FAE /* ConfigWriter.swift */; };
		AE8D4F16291C376000D91FAE /* Commands.swift in Sources */ = {isa = PBXBuildFile; fileRef = AE8D4F15291C376000D91FAE /* Commands.swift */; };
		AE9F8B5D292462F600918314 /* PreviewData.swift in Sources */ = {isa = PBXBuildFile; fileRef = AE9F8B5C292462F600918314 /* PreviewData.swift */; };
		AE9F8B652925543500918314 /* SetupTest.swift in Sources */ = {isa = PBXBuildFile; fileRef = AE9F8B622925541300918314 /* SetupTest.swift */; };
		AE9F8B662925543900918314 /* GrabberTests.swift in Sources */ = {isa = PBXBuildFile; fileRef = AE9F8B612925541300918314 /* GrabberTests.swift */; };
		AE9F8C9B2926AFFD00918314 /* Configs.swift in Sources */ = {isa = PBXBuildFile; fileRef = AE9F8C9A2926AFFD00918314 /* Configs.swift */; };
		AEA23D9B291C29F100E88E19 /* CommandExecutor.swift in Sources */ = {isa = PBXBuildFile; fileRef = AEA23D9A291C29F100E88E19 /* CommandExecutor.swift */; };
		AEB391A329146F40006A0F88 /* App.swift in Sources */ = {isa = PBXBuildFile; fileRef = AEB391A229146F40006A0F88 /* App.swift */; };
		AEB391A529146F40006A0F88 /* ContentView.swift in Sources */ = {isa = PBXBuildFile; fileRef = AEB391A429146F40006A0F88 /* ContentView.swift */; };
		AEB391A729146F41006A0F88 /* Assets.xcassets in Resources */ = {isa = PBXBuildFile; fileRef = AEB391A629146F41006A0F88 /* Assets.xcassets */; };
		AEB391CF291470A9006A0F88 /* SocketController.swift in Sources */ = {isa = PBXBuildFile; fileRef = AEB391CE291470A9006A0F88 /* SocketController.swift */; };
		AEB391D1291470E1006A0F88 /* FileHandle+ReadWrite.swift in Sources */ = {isa = PBXBuildFile; fileRef = AEB391D0291470E1006A0F88 /* FileHandle+ReadWrite.swift */; };
		AEB391D329147145006A0F88 /* SSHAgent.swift in Sources */ = {isa = PBXBuildFile; fileRef = AEB391D229147145006A0F88 /* SSHAgent.swift */; };
		AEB391D5291471EE006A0F88 /* RequestType.swift in Sources */ = {isa = PBXBuildFile; fileRef = AEB391D4291471EE006A0F88 /* RequestType.swift */; };
		AEB391D729147208006A0F88 /* ResponseType.swift in Sources */ = {isa = PBXBuildFile; fileRef = AEB391D629147208006A0F88 /* ResponseType.swift */; };
		AEB391D9291472AF006A0F88 /* OpenSSHKeyWriter.swift in Sources */ = {isa = PBXBuildFile; fileRef = AEB391D8291472AF006A0F88 /* OpenSSHKeyWriter.swift */; };
		AEB391DC29147485006A0F88 /* Secret.swift in Sources */ = {isa = PBXBuildFile; fileRef = AEB391DB29147485006A0F88 /* Secret.swift */; };
		AEB391DE291474A2006A0F88 /* Algorithm.swift in Sources */ = {isa = PBXBuildFile; fileRef = AEB391DD291474A2006A0F88 /* Algorithm.swift */; };
		AEB391E0291475FC006A0F88 /* SecureEnclaveStore.swift in Sources */ = {isa = PBXBuildFile; fileRef = AEB391DF291475FC006A0F88 /* SecureEnclaveStore.swift */; };
		AEB392342919CB9C006A0F88 /* Data+Extract.swift in Sources */ = {isa = PBXBuildFile; fileRef = AEB392332919CB9C006A0F88 /* Data+Extract.swift */; };
		AEB392362919CDE3006A0F88 /* PersistentAuthenticationContext.swift in Sources */ = {isa = PBXBuildFile; fileRef = AEB392352919CDE3006A0F88 /* PersistentAuthenticationContext.swift */; };
		AEB392382919CFD9006A0F88 /* SecretStore.swift in Sources */ = {isa = PBXBuildFile; fileRef = AEB392372919CFD9006A0F88 /* SecretStore.swift */; };
		AEB3923A2919D2A7006A0F88 /* OpenSSHReader.swift in Sources */ = {isa = PBXBuildFile; fileRef = AEB392392919D2A7006A0F88 /* OpenSSHReader.swift */; };
		AEB42B1C2928330E00DE6CB6 /* AppDelegate.swift in Sources */ = {isa = PBXBuildFile; fileRef = AEB42B1B2928330E00DE6CB6 /* AppDelegate.swift */; };
		AEB42B1E2928336500DE6CB6 /* StatusBarController.swift in Sources */ = {isa = PBXBuildFile; fileRef = AEB42B1D2928336500DE6CB6 /* StatusBarController.swift */; };
		AED53178293AA5AD00BFA899 /* GithubEmail.swift in Sources */ = {isa = PBXBuildFile; fileRef = AED53177293AA5AD00BFA899 /* GithubEmail.swift */; };
		AEDA2DA02A8ED82700562674 /* SerialNumber.swift in Sources */ = {isa = PBXBuildFile; fileRef = AEDA2D9F2A8ED82700562674 /* SerialNumber.swift */; };
		AEEB99BA291B188E009557BC /* Grabber.swift in Sources */ = {isa = PBXBuildFile; fileRef = AEEB99B9291B188E009557BC /* Grabber.swift */; };
		AEF00417291A1AE600EA576C /* Dependencies.swift in Sources */ = {isa = PBXBuildFile; fileRef = AEF00416291A1AE600EA576C /* Dependencies.swift */; };
		AEFA7467291C78DF00066571 /* gnupg in Resources */ = {isa = PBXBuildFile; fileRef = AEFA7466291C78DF00066571 /* gnupg */; };
/* End PBXBuildFile section */

/* Begin PBXContainerItemProxy section */
		AEB391B129146F41006A0F88 /* PBXContainerItemProxy */ = {
			isa = PBXContainerItemProxy;
			containerPortal = AEB3919729146F40006A0F88 /* Project object */;
			proxyType = 1;
			remoteGlobalIDString = AEB3919E29146F40006A0F88;
			remoteInfo = "keeta-secretive";
		};
/* End PBXContainerItemProxy section */

/* Begin PBXFileReference section */
		02577370291B565E003E0889 /* Storage.swift */ = {isa = PBXFileReference; lastKnownFileType = sourcecode.swift; path = Storage.swift; sourceTree = "<group>"; };
		02577372291B5687003E0889 /* AgentUser.swift */ = {isa = PBXFileReference; lastKnownFileType = sourcecode.swift; path = AgentUser.swift; sourceTree = "<group>"; };
		02577374291B56A0003E0889 /* GithubUser.swift */ = {isa = PBXFileReference; lastKnownFileType = sourcecode.swift; path = GithubUser.swift; sourceTree = "<group>"; };
		02577376291B56B5003E0889 /* GithubGPG.swift */ = {isa = PBXFileReference; lastKnownFileType = sourcecode.swift; path = GithubGPG.swift; sourceTree = "<group>"; };
		026503312920CA4600663A78 /* GenerateView.swift */ = {isa = PBXFileReference; lastKnownFileType = sourcecode.swift; path = GenerateView.swift; sourceTree = "<group>"; };
		026503332920D02000663A78 /* GithubSSH.swift */ = {isa = PBXFileReference; lastKnownFileType = sourcecode.swift; path = GithubSSH.swift; sourceTree = "<group>"; };
		02780040291A28F000B8BA11 /* Color.swift */ = {isa = PBXFileReference; lastKnownFileType = sourcecode.swift; path = Color.swift; sourceTree = "<group>"; };
		02780043291A4D7A00B8BA11 /* GithubAPI.swift */ = {isa = PBXFileReference; lastKnownFileType = sourcecode.swift; path = GithubAPI.swift; sourceTree = "<group>"; };
		02780045291A4FB200B8BA11 /* Info.plist */ = {isa = PBXFileReference; lastKnownFileType = text.plist; path = Info.plist; sourceTree = "<group>"; };
		02780046291A539000B8BA11 /* Link.swift */ = {isa = PBXFileReference; lastKnownFileType = sourcecode.swift; path = Link.swift; sourceTree = "<group>"; };
		02780049291A615500B8BA11 /* KeyView.swift */ = {isa = PBXFileReference; lastKnownFileType = sourcecode.swift; path = KeyView.swift; sourceTree = "<group>"; };
		0278004B291A658B00B8BA11 /* KeetaButton.swift */ = {isa = PBXFileReference; lastKnownFileType = sourcecode.swift; path = KeetaButton.swift; sourceTree = "<group>"; };
		0278004D291A65F000B8BA11 /* GithubButton.swift */ = {isa = PBXFileReference; lastKnownFileType = sourcecode.swift; path = GithubButton.swift; sourceTree = "<group>"; };
		02780051291A663700B8BA11 /* HeaderView.swift */ = {isa = PBXFileReference; lastKnownFileType = sourcecode.swift; path = HeaderView.swift; sourceTree = "<group>"; };
		02780053291A68F500B8BA11 /* GPGKeyHeader.swift */ = {isa = PBXFileReference; lastKnownFileType = sourcecode.swift; path = GPGKeyHeader.swift; sourceTree = "<group>"; };
		02780055291A691B00B8BA11 /* KeyDivider.swift */ = {isa = PBXFileReference; lastKnownFileType = sourcecode.swift; path = KeyDivider.swift; sourceTree = "<group>"; };
		02780057291A693E00B8BA11 /* GPGKeyText.swift */ = {isa = PBXFileReference; lastKnownFileType = sourcecode.swift; path = GPGKeyText.swift; sourceTree = "<group>"; };
		0278005B291A699A00B8BA11 /* CopyButton.swift */ = {isa = PBXFileReference; lastKnownFileType = sourcecode.swift; path = CopyButton.swift; sourceTree = "<group>"; };
		028637762920C29C000D978D /* SSHKey.swift */ = {isa = PBXFileReference; lastKnownFileType = sourcecode.swift; path = SSHKey.swift; sourceTree = "<group>"; };
		02C9FFB82920C6F8003AF470 /* KeyIcon.swift */ = {isa = PBXFileReference; lastKnownFileType = sourcecode.swift; path = KeyIcon.swift; sourceTree = "<group>"; };
		02C9FFBC2920C73A003AF470 /* SSHKeyText.swift */ = {isa = PBXFileReference; lastKnownFileType = sourcecode.swift; path = SSHKeyText.swift; sourceTree = "<group>"; };
		02C9FFC02920C7B6003AF470 /* SSHKeyHeader.swift */ = {isa = PBXFileReference; lastKnownFileType = sourcecode.swift; path = SSHKeyHeader.swift; sourceTree = "<group>"; };
		02D9C585291E0D4D00586CEB /* GPGKey.swift */ = {isa = PBXFileReference; lastKnownFileType = sourcecode.swift; path = GPGKey.swift; sourceTree = "<group>"; };
		02D9C589291E139600586CEB /* AgentSpacing.swift */ = {isa = PBXFileReference; lastKnownFileType = sourcecode.swift; path = AgentSpacing.swift; sourceTree = "<group>"; };
		02FB222B292979960010B73C /* LaunchAtLogin.swift */ = {isa = PBXFileReference; fileEncoding = 4; lastKnownFileType = sourcecode.swift; path = LaunchAtLogin.swift; sourceTree = "<group>"; };
		AE75C4E9292076300087A584 /* GPGUtil.swift */ = {isa = PBXFileReference; lastKnownFileType = sourcecode.swift; path = GPGUtil.swift; sourceTree = "<group>"; };
		AE75C4ED2922083B0087A584 /* KeetaAgent.swift */ = {isa = PBXFileReference; lastKnownFileType = sourcecode.swift; path = KeetaAgent.swift; sourceTree = "<group>"; };
		AE75C4EF2922CDC80087A584 /* SigningRequestTracer.swift */ = {isa = PBXFileReference; lastKnownFileType = sourcecode.swift; path = SigningRequestTracer.swift; sourceTree = "<group>"; };
		AE75C4F12922D00C0087A584 /* SigningRequestProvenance.swift */ = {isa = PBXFileReference; lastKnownFileType = sourcecode.swift; path = SigningRequestProvenance.swift; sourceTree = "<group>"; };
		AE8D4F13291C372C00D91FAE /* ConfigWriter.swift */ = {isa = PBXFileReference; lastKnownFileType = sourcecode.swift; path = ConfigWriter.swift; sourceTree = "<group>"; };
		AE8D4F15291C376000D91FAE /* Commands.swift */ = {isa = PBXFileReference; lastKnownFileType = sourcecode.swift; path = Commands.swift; sourceTree = "<group>"; };
		AE9F8B5C292462F600918314 /* PreviewData.swift */ = {isa = PBXFileReference; lastKnownFileType = sourcecode.swift; path = PreviewData.swift; sourceTree = "<group>"; };
		AE9F8B612925541300918314 /* GrabberTests.swift */ = {isa = PBXFileReference; fileEncoding = 4; lastKnownFileType = sourcecode.swift; path = GrabberTests.swift; sourceTree = "<group>"; };
		AE9F8B622925541300918314 /* SetupTest.swift */ = {isa = PBXFileReference; fileEncoding = 4; lastKnownFileType = sourcecode.swift; path = SetupTest.swift; sourceTree = "<group>"; };
		AE9F8C9A2926AFFD00918314 /* Configs.swift */ = {isa = PBXFileReference; lastKnownFileType = sourcecode.swift; path = Configs.swift; sourceTree = "<group>"; };
		AEA23D9A291C29F100E88E19 /* CommandExecutor.swift */ = {isa = PBXFileReference; lastKnownFileType = sourcecode.swift; path = CommandExecutor.swift; sourceTree = "<group>"; };
		AEB3919F29146F40006A0F88 /* Agent.app */ = {isa = PBXFileReference; explicitFileType = wrapper.application; includeInIndex = 0; path = Agent.app; sourceTree = BUILT_PRODUCTS_DIR; };
		AEB391A229146F40006A0F88 /* App.swift */ = {isa = PBXFileReference; lastKnownFileType = sourcecode.swift; path = App.swift; sourceTree = "<group>"; };
		AEB391A429146F40006A0F88 /* ContentView.swift */ = {isa = PBXFileReference; lastKnownFileType = sourcecode.swift; path = ContentView.swift; sourceTree = "<group>"; };
		AEB391A629146F41006A0F88 /* Assets.xcassets */ = {isa = PBXFileReference; lastKnownFileType = folder.assetcatalog; path = Assets.xcassets; sourceTree = "<group>"; };
		AEB391AB29146F41006A0F88 /* keeta_secretive.entitlements */ = {isa = PBXFileReference; lastKnownFileType = text.plist.entitlements; path = keeta_secretive.entitlements; sourceTree = "<group>"; };
		AEB391B029146F41006A0F88 /* AgentTests.xctest */ = {isa = PBXFileReference; explicitFileType = wrapper.cfbundle; includeInIndex = 0; path = AgentTests.xctest; sourceTree = BUILT_PRODUCTS_DIR; };
		AEB391CE291470A9006A0F88 /* SocketController.swift */ = {isa = PBXFileReference; lastKnownFileType = sourcecode.swift; path = SocketController.swift; sourceTree = "<group>"; };
		AEB391D0291470E1006A0F88 /* FileHandle+ReadWrite.swift */ = {isa = PBXFileReference; lastKnownFileType = sourcecode.swift; path = "FileHandle+ReadWrite.swift"; sourceTree = "<group>"; };
		AEB391D229147145006A0F88 /* SSHAgent.swift */ = {isa = PBXFileReference; lastKnownFileType = sourcecode.swift; path = SSHAgent.swift; sourceTree = "<group>"; };
		AEB391D4291471EE006A0F88 /* RequestType.swift */ = {isa = PBXFileReference; lastKnownFileType = sourcecode.swift; path = RequestType.swift; sourceTree = "<group>"; };
		AEB391D629147208006A0F88 /* ResponseType.swift */ = {isa = PBXFileReference; lastKnownFileType = sourcecode.swift; path = ResponseType.swift; sourceTree = "<group>"; };
		AEB391D8291472AF006A0F88 /* OpenSSHKeyWriter.swift */ = {isa = PBXFileReference; lastKnownFileType = sourcecode.swift; path = OpenSSHKeyWriter.swift; sourceTree = "<group>"; };
		AEB391DB29147485006A0F88 /* Secret.swift */ = {isa = PBXFileReference; lastKnownFileType = sourcecode.swift; path = Secret.swift; sourceTree = "<group>"; };
		AEB391DD291474A2006A0F88 /* Algorithm.swift */ = {isa = PBXFileReference; lastKnownFileType = sourcecode.swift; path = Algorithm.swift; sourceTree = "<group>"; };
		AEB391DF291475FC006A0F88 /* SecureEnclaveStore.swift */ = {isa = PBXFileReference; lastKnownFileType = sourcecode.swift; path = SecureEnclaveStore.swift; sourceTree = "<group>"; };
		AEB392332919CB9C006A0F88 /* Data+Extract.swift */ = {isa = PBXFileReference; lastKnownFileType = sourcecode.swift; path = "Data+Extract.swift"; sourceTree = "<group>"; };
		AEB392352919CDE3006A0F88 /* PersistentAuthenticationContext.swift */ = {isa = PBXFileReference; lastKnownFileType = sourcecode.swift; path = PersistentAuthenticationContext.swift; sourceTree = "<group>"; };
		AEB392372919CFD9006A0F88 /* SecretStore.swift */ = {isa = PBXFileReference; lastKnownFileType = sourcecode.swift; path = SecretStore.swift; sourceTree = "<group>"; };
		AEB392392919D2A7006A0F88 /* OpenSSHReader.swift */ = {isa = PBXFileReference; lastKnownFileType = sourcecode.swift; path = OpenSSHReader.swift; sourceTree = "<group>"; };
		AEB42B1B2928330E00DE6CB6 /* AppDelegate.swift */ = {isa = PBXFileReference; lastKnownFileType = sourcecode.swift; path = AppDelegate.swift; sourceTree = "<group>"; };
		AEB42B1D2928336500DE6CB6 /* StatusBarController.swift */ = {isa = PBXFileReference; lastKnownFileType = sourcecode.swift; path = StatusBarController.swift; sourceTree = "<group>"; };
		AED53177293AA5AD00BFA899 /* GithubEmail.swift */ = {isa = PBXFileReference; lastKnownFileType = sourcecode.swift; path = GithubEmail.swift; sourceTree = "<group>"; };
		AEDA2D9F2A8ED82700562674 /* SerialNumber.swift */ = {isa = PBXFileReference; lastKnownFileType = sourcecode.swift; path = SerialNumber.swift; sourceTree = "<group>"; };
		AEEB99B9291B188E009557BC /* Grabber.swift */ = {isa = PBXFileReference; lastKnownFileType = sourcecode.swift; path = Grabber.swift; sourceTree = "<group>"; };
		AEF00416291A1AE600EA576C /* Dependencies.swift */ = {isa = PBXFileReference; lastKnownFileType = sourcecode.swift; path = Dependencies.swift; sourceTree = "<group>"; };
		AEFA7466291C78DF00066571 /* gnupg */ = {isa = PBXFileReference; lastKnownFileType = folder; path = gnupg; sourceTree = "<group>"; };
/* End PBXFileReference section */

/* Begin PBXFrameworksBuildPhase section */
		AEB3919C29146F40006A0F88 /* Frameworks */ = {
			isa = PBXFrameworksBuildPhase;
			buildActionMask = 2147483647;
			files = (
				02780063291A6DBF00B8BA11 /* keeta-secure-storage in Frameworks */,
			);
			runOnlyForDeploymentPostprocessing = 0;
		};
		AEB391AD29146F41006A0F88 /* Frameworks */ = {
			isa = PBXFrameworksBuildPhase;
			buildActionMask = 2147483647;
			files = (
			);
			runOnlyForDeploymentPostprocessing = 0;
		};
/* End PBXFrameworksBuildPhase section */

/* Begin PBXGroup section */
		02577378291B571A003E0889 /* Models */ = {
			isa = PBXGroup;
			children = (
				02577374291B56A0003E0889 /* GithubUser.swift */,
				02577376291B56B5003E0889 /* GithubGPG.swift */,
				026503332920D02000663A78 /* GithubSSH.swift */,
				AED53177293AA5AD00BFA899 /* GithubEmail.swift */,
			);
			path = Models;
			sourceTree = "<group>";
		};
		0278003B291A26CD00B8BA11 /* Helpers */ = {
			isa = PBXGroup;
			children = (
				02780040291A28F000B8BA11 /* Color.swift */,
				02780046291A539000B8BA11 /* Link.swift */,
				02D9C589291E139600586CEB /* AgentSpacing.swift */,
				AEB42B1D2928336500DE6CB6 /* StatusBarController.swift */,
				AEDA2D9F2A8ED82700562674 /* SerialNumber.swift */,
			);
			path = Helpers;
			sourceTree = "<group>";
		};
		02780042291A4D6900B8BA11 /* Github */ = {
			isa = PBXGroup;
			children = (
				02780043291A4D7A00B8BA11 /* GithubAPI.swift */,
				02577378291B571A003E0889 /* Models */,
			);
			path = Github;
			sourceTree = "<group>";
		};
		02780048291A613400B8BA11 /* Views */ = {
			isa = PBXGroup;
			children = (
				0278004B291A658B00B8BA11 /* KeetaButton.swift */,
				0278004D291A65F000B8BA11 /* GithubButton.swift */,
				02780051291A663700B8BA11 /* HeaderView.swift */,
				0278005B291A699A00B8BA11 /* CopyButton.swift */,
				0278005D291A69C700B8BA11 /* Key */,
			);
			path = Views;
			sourceTree = "<group>";
		};
		0278005D291A69C700B8BA11 /* Key */ = {
			isa = PBXGroup;
			children = (
				02780049291A615500B8BA11 /* KeyView.swift */,
				02780055291A691B00B8BA11 /* KeyDivider.swift */,
				026503312920CA4600663A78 /* GenerateView.swift */,
				02C9FFB82920C6F8003AF470 /* KeyIcon.swift */,
				02C9FFBA2920C71F003AF470 /* GPG */,
				02C9FFBB2920C729003AF470 /* SSH */,
			);
			path = Key;
			sourceTree = "<group>";
		};
		02C9FFBA2920C71F003AF470 /* GPG */ = {
			isa = PBXGroup;
			children = (
				02780053291A68F500B8BA11 /* GPGKeyHeader.swift */,
				02780057291A693E00B8BA11 /* GPGKeyText.swift */,
			);
			path = GPG;
			sourceTree = "<group>";
		};
		02C9FFBB2920C729003AF470 /* SSH */ = {
			isa = PBXGroup;
			children = (
				02C9FFC02920C7B6003AF470 /* SSHKeyHeader.swift */,
				02C9FFBC2920C73A003AF470 /* SSHKeyText.swift */,
			);
			path = SSH;
			sourceTree = "<group>";
		};
		AE9F8B5B292462ED00918314 /* PreviewData */ = {
			isa = PBXGroup;
			children = (
				AE9F8B5C292462F600918314 /* PreviewData.swift */,
			);
			path = PreviewData;
			sourceTree = "<group>";
		};
		AE9F8B602925541300918314 /* keeta-secretiveTests */ = {
			isa = PBXGroup;
			children = (
				AE9F8B612925541300918314 /* GrabberTests.swift */,
				AE9F8B622925541300918314 /* SetupTest.swift */,
			);
			path = "keeta-secretiveTests";
			sourceTree = "<group>";
		};
		AEB3919629146F40006A0F88 = {
			isa = PBXGroup;
			children = (
				AEB391A129146F40006A0F88 /* Agent */,
				AE9F8B602925541300918314 /* keeta-secretiveTests */,
				AEB391A029146F40006A0F88 /* Products */,
			);
			sourceTree = "<group>";
		};
		AEB391A029146F40006A0F88 /* Products */ = {
			isa = PBXGroup;
			children = (
				AEB3919F29146F40006A0F88 /* Agent.app */,
				AEB391B029146F41006A0F88 /* AgentTests.xctest */,
			);
			name = Products;
			sourceTree = "<group>";
		};
		AEB391A129146F40006A0F88 /* Agent */ = {
			isa = PBXGroup;
			children = (
				AEB391A229146F40006A0F88 /* App.swift */,
				AEB42B1B2928330E00DE6CB6 /* AppDelegate.swift */,
				AEB391A429146F40006A0F88 /* ContentView.swift */,
				AEF00416291A1AE600EA576C /* Dependencies.swift */,
				AE75C4ED2922083B0087A584 /* KeetaAgent.swift */,
				02FB222B292979960010B73C /* LaunchAtLogin.swift */,
				AEB3922E2919B397006A0F88 /* GPG */,
				02780042291A4D6900B8BA11 /* Github */,
				AEB391DA2914747A006A0F88 /* Secrets */,
				AEB391CD29147097006A0F88 /* SSH Agent */,
				AEDE4EBC292D5E0E0003BD7D /* Data */,
				02780048291A613400B8BA11 /* Views */,
				0278003B291A26CD00B8BA11 /* Helpers */,
				AEFA7466291C78DF00066571 /* gnupg */,
				AE9F8B5B292462ED00918314 /* PreviewData */,
				AEB391A629146F41006A0F88 /* Assets.xcassets */,
				AEB391AB29146F41006A0F88 /* keeta_secretive.entitlements */,
				02780045291A4FB200B8BA11 /* Info.plist */,
			);
			path = Agent;
			sourceTree = "<group>";
		};
		AEB391CD29147097006A0F88 /* SSH Agent */ = {
			isa = PBXGroup;
			children = (
				AEB391CE291470A9006A0F88 /* SocketController.swift */,
				AEB391D0291470E1006A0F88 /* FileHandle+ReadWrite.swift */,
				AEB391D229147145006A0F88 /* SSHAgent.swift */,
				AEB391D4291471EE006A0F88 /* RequestType.swift */,
				AEB391D629147208006A0F88 /* ResponseType.swift */,
				AEB391D8291472AF006A0F88 /* OpenSSHKeyWriter.swift */,
				AEB392332919CB9C006A0F88 /* Data+Extract.swift */,
				AEB392392919D2A7006A0F88 /* OpenSSHReader.swift */,
				AE75C4EF2922CDC80087A584 /* SigningRequestTracer.swift */,
				AE75C4F12922D00C0087A584 /* SigningRequestProvenance.swift */,
			);
			path = "SSH Agent";
			sourceTree = "<group>";
		};
		AEB391DA2914747A006A0F88 /* Secrets */ = {
			isa = PBXGroup;
			children = (
				AEB391DB29147485006A0F88 /* Secret.swift */,
				AEB392372919CFD9006A0F88 /* SecretStore.swift */,
				AEB391DD291474A2006A0F88 /* Algorithm.swift */,
				AEB391DF291475FC006A0F88 /* SecureEnclaveStore.swift */,
				AEB392352919CDE3006A0F88 /* PersistentAuthenticationContext.swift */,
			);
			path = Secrets;
			sourceTree = "<group>";
		};
		AEB3922E2919B397006A0F88 /* GPG */ = {
			isa = PBXGroup;
			children = (
				AE75C4E9292076300087A584 /* GPGUtil.swift */,
				AE8D4F15291C376000D91FAE /* Commands.swift */,
				AEA23D9A291C29F100E88E19 /* CommandExecutor.swift */,
				AE9F8C9A2926AFFD00918314 /* Configs.swift */,
				AE8D4F13291C372C00D91FAE /* ConfigWriter.swift */,
				AEEB99B9291B188E009557BC /* Grabber.swift */,
			);
			path = GPG;
			sourceTree = "<group>";
		};
		AEDE4EBC292D5E0E0003BD7D /* Data */ = {
			isa = PBXGroup;
			children = (
				02577372291B5687003E0889 /* AgentUser.swift */,
				02D9C585291E0D4D00586CEB /* GPGKey.swift */,
				028637762920C29C000D978D /* SSHKey.swift */,
				02577370291B565E003E0889 /* Storage.swift */,
			);
			path = Data;
			sourceTree = "<group>";
		};
/* End PBXGroup section */

/* Begin PBXNativeTarget section */
		AEB3919E29146F40006A0F88 /* Agent */ = {
			isa = PBXNativeTarget;
			buildConfigurationList = AEB391C429146F41006A0F88 /* Build configuration list for PBXNativeTarget "Agent" */;
			buildPhases = (
				AEB3919B29146F40006A0F88 /* Sources */,
				AEB3919C29146F40006A0F88 /* Frameworks */,
				AEB3919D29146F40006A0F88 /* Resources */,
			);
			buildRules = (
			);
			dependencies = (
			);
			name = Agent;
			packageProductDependencies = (
				02780062291A6DBF00B8BA11 /* keeta-secure-storage */,
			);
			productName = "keeta-secretive";
			productReference = AEB3919F29146F40006A0F88 /* Agent.app */;
			productType = "com.apple.product-type.application";
		};
		AEB391AF29146F41006A0F88 /* AgentTests */ = {
			isa = PBXNativeTarget;
			buildConfigurationList = AEB391C729146F41006A0F88 /* Build configuration list for PBXNativeTarget "AgentTests" */;
			buildPhases = (
				AEB391AC29146F41006A0F88 /* Sources */,
				AEB391AD29146F41006A0F88 /* Frameworks */,
				AEB391AE29146F41006A0F88 /* Resources */,
			);
			buildRules = (
			);
			dependencies = (
				AEB391B229146F41006A0F88 /* PBXTargetDependency */,
			);
			name = AgentTests;
			productName = "keeta-secretiveTests";
			productReference = AEB391B029146F41006A0F88 /* AgentTests.xctest */;
			productType = "com.apple.product-type.bundle.unit-test";
		};
/* End PBXNativeTarget section */

/* Begin PBXProject section */
		AEB3919729146F40006A0F88 /* Project object */ = {
			isa = PBXProject;
			attributes = {
				BuildIndependentTargetsInParallel = 1;
				LastSwiftUpdateCheck = 1400;
				LastUpgradeCheck = 1400;
				TargetAttributes = {
					AEB3919E29146F40006A0F88 = {
						CreatedOnToolsVersion = 14.0.1;
					};
					AEB391AF29146F41006A0F88 = {
						CreatedOnToolsVersion = 14.0.1;
						TestTargetID = AEB3919E29146F40006A0F88;
					};
				};
			};
			buildConfigurationList = AEB3919A29146F40006A0F88 /* Build configuration list for PBXProject "Agent" */;
			compatibilityVersion = "Xcode 14.0";
			developmentRegion = en;
			hasScannedForEncodings = 0;
			knownRegions = (
				en,
				Base,
			);
			mainGroup = AEB3919629146F40006A0F88;
			packageReferences = (
				02780061291A6DBF00B8BA11 /* XCRemoteSwiftPackageReference "keeta-storage" */,
			);
			productRefGroup = AEB391A029146F40006A0F88 /* Products */;
			projectDirPath = "";
			projectRoot = "";
			targets = (
				AEB3919E29146F40006A0F88 /* Agent */,
				AEB391AF29146F41006A0F88 /* AgentTests */,
			);
		};
/* End PBXProject section */

/* Begin PBXResourcesBuildPhase section */
		AEB3919D29146F40006A0F88 /* Resources */ = {
			isa = PBXResourcesBuildPhase;
			buildActionMask = 2147483647;
			files = (
				AEFA7467291C78DF00066571 /* gnupg in Resources */,
				AEB391A729146F41006A0F88 /* Assets.xcassets in Resources */,
			);
			runOnlyForDeploymentPostprocessing = 0;
		};
		AEB391AE29146F41006A0F88 /* Resources */ = {
			isa = PBXResourcesBuildPhase;
			buildActionMask = 2147483647;
			files = (
			);
			runOnlyForDeploymentPostprocessing = 0;
		};
/* End PBXResourcesBuildPhase section */

/* Begin PBXSourcesBuildPhase section */
		AEB3919B29146F40006A0F88 /* Sources */ = {
			isa = PBXSourcesBuildPhase;
			buildActionMask = 2147483647;
			files = (
				02FB222C292979960010B73C /* LaunchAtLogin.swift in Sources */,
				02D9C586291E0D4D00586CEB /* GPGKey.swift in Sources */,
				AEB42B1E2928336500DE6CB6 /* StatusBarController.swift in Sources */,
				0278004A291A615500B8BA11 /* KeyView.swift in Sources */,
				AE75C4F22922D00C0087A584 /* SigningRequestProvenance.swift in Sources */,
				AEF00417291A1AE600EA576C /* Dependencies.swift in Sources */,
				AEEB99BA291B188E009557BC /* Grabber.swift in Sources */,
				AEB391CF291470A9006A0F88 /* SocketController.swift in Sources */,
				AEB391D329147145006A0F88 /* SSHAgent.swift in Sources */,
				AED53178293AA5AD00BFA899 /* GithubEmail.swift in Sources */,
				0278005C291A699A00B8BA11 /* CopyButton.swift in Sources */,
				AE75C4EA292076300087A584 /* GPGUtil.swift in Sources */,
				AEB391A529146F40006A0F88 /* ContentView.swift in Sources */,
				AEB391A329146F40006A0F88 /* App.swift in Sources */,
				AEB391D1291470E1006A0F88 /* FileHandle+ReadWrite.swift in Sources */,
				AEA23D9B291C29F100E88E19 /* CommandExecutor.swift in Sources */,
				02C9FFB92920C6F8003AF470 /* KeyIcon.swift in Sources */,
				02C9FFC12920C7B6003AF470 /* SSHKeyHeader.swift in Sources */,
				0278005C291A699A00B8BA11 /* CopyButton.swift in Sources */,
				AEB391A529146F40006A0F88 /* ContentView.swift in Sources */,
				AEB391A329146F40006A0F88 /* App.swift in Sources */,
				AEB391D1291470E1006A0F88 /* FileHandle+ReadWrite.swift in Sources */,
				02D9C58A291E139600586CEB /* AgentSpacing.swift in Sources */,
				AEB391D5291471EE006A0F88 /* RequestType.swift in Sources */,
				AEB392342919CB9C006A0F88 /* Data+Extract.swift in Sources */,
				AEB391D729147208006A0F88 /* ResponseType.swift in Sources */,
				AE8D4F14291C372C00D91FAE /* ConfigWriter.swift in Sources */,
				02577377291B56B5003E0889 /* GithubGPG.swift in Sources */,
				AEB391DC29147485006A0F88 /* Secret.swift in Sources */,
				0278004E291A65F000B8BA11 /* GithubButton.swift in Sources */,
				02C9FFBD2920C73A003AF470 /* SSHKeyText.swift in Sources */,
				AE75C4EE2922083B0087A584 /* KeetaAgent.swift in Sources */,
				02780041291A28F000B8BA11 /* Color.swift in Sources */,
				AE9F8B5D292462F600918314 /* PreviewData.swift in Sources */,
				AEB391D9291472AF006A0F88 /* OpenSSHKeyWriter.swift in Sources */,
				02780052291A663700B8BA11 /* HeaderView.swift in Sources */,
				AEB42B1C2928330E00DE6CB6 /* AppDelegate.swift in Sources */,
				AEB392362919CDE3006A0F88 /* PersistentAuthenticationContext.swift in Sources */,
				AE8D4F16291C376000D91FAE /* Commands.swift in Sources */,
				AE9F8C9B2926AFFD00918314 /* Configs.swift in Sources */,
				02577371291B565E003E0889 /* Storage.swift in Sources */,
				02780054291A68F500B8BA11 /* GPGKeyHeader.swift in Sources */,
				AEDA2DA02A8ED82700562674 /* SerialNumber.swift in Sources */,
				02780054291A68F500B8BA11 /* GPGKeyHeader.swift in Sources */,
				02780047291A539000B8BA11 /* Link.swift in Sources */,
				AE75C4F02922CDC80087A584 /* SigningRequestTracer.swift in Sources */,
				AEB3923A2919D2A7006A0F88 /* OpenSSHReader.swift in Sources */,
				02577373291B5687003E0889 /* AgentUser.swift in Sources */,
				0278004C291A658B00B8BA11 /* KeetaButton.swift in Sources */,
				026503342920D02000663A78 /* GithubSSH.swift in Sources */,
				026503322920CA4600663A78 /* GenerateView.swift in Sources */,
				AEB391DE291474A2006A0F88 /* Algorithm.swift in Sources */,
				AEB391E0291475FC006A0F88 /* SecureEnclaveStore.swift in Sources */,
				AEB392382919CFD9006A0F88 /* SecretStore.swift in Sources */,
				02780044291A4D7A00B8BA11 /* GithubAPI.swift in Sources */,
				028637772920C29C000D978D /* SSHKey.swift in Sources */,
				02780058291A693E00B8BA11 /* GPGKeyText.swift in Sources */,
				02577375291B56A0003E0889 /* GithubUser.swift in Sources */,
				02780056291A691B00B8BA11 /* KeyDivider.swift in Sources */,
			);
			runOnlyForDeploymentPostprocessing = 0;
		};
		AEB391AC29146F41006A0F88 /* Sources */ = {
			isa = PBXSourcesBuildPhase;
			buildActionMask = 2147483647;
			files = (
				AE9F8B652925543500918314 /* SetupTest.swift in Sources */,
				AE9F8B662925543900918314 /* GrabberTests.swift in Sources */,
			);
			runOnlyForDeploymentPostprocessing = 0;
		};
/* End PBXSourcesBuildPhase section */

/* Begin PBXTargetDependency section */
		AEB391B229146F41006A0F88 /* PBXTargetDependency */ = {
			isa = PBXTargetDependency;
			target = AEB3919E29146F40006A0F88 /* Agent */;
			targetProxy = AEB391B129146F41006A0F88 /* PBXContainerItemProxy */;
		};
/* End PBXTargetDependency section */

/* Begin XCBuildConfiguration section */
		AEB391C229146F41006A0F88 /* Debug */ = {
			isa = XCBuildConfiguration;
			buildSettings = {
				ALWAYS_SEARCH_USER_PATHS = NO;
				CLANG_ANALYZER_NONNULL = YES;
				CLANG_ANALYZER_NUMBER_OBJECT_CONVERSION = YES_AGGRESSIVE;
				CLANG_CXX_LANGUAGE_STANDARD = "gnu++20";
				CLANG_ENABLE_MODULES = YES;
				CLANG_ENABLE_OBJC_ARC = YES;
				CLANG_ENABLE_OBJC_WEAK = YES;
				CLANG_WARN_BLOCK_CAPTURE_AUTORELEASING = YES;
				CLANG_WARN_BOOL_CONVERSION = YES;
				CLANG_WARN_COMMA = YES;
				CLANG_WARN_CONSTANT_CONVERSION = YES;
				CLANG_WARN_DEPRECATED_OBJC_IMPLEMENTATIONS = YES;
				CLANG_WARN_DIRECT_OBJC_ISA_USAGE = YES_ERROR;
				CLANG_WARN_DOCUMENTATION_COMMENTS = YES;
				CLANG_WARN_EMPTY_BODY = YES;
				CLANG_WARN_ENUM_CONVERSION = YES;
				CLANG_WARN_INFINITE_RECURSION = YES;
				CLANG_WARN_INT_CONVERSION = YES;
				CLANG_WARN_NON_LITERAL_NULL_CONVERSION = YES;
				CLANG_WARN_OBJC_IMPLICIT_RETAIN_SELF = YES;
				CLANG_WARN_OBJC_LITERAL_CONVERSION = YES;
				CLANG_WARN_OBJC_ROOT_CLASS = YES_ERROR;
				CLANG_WARN_QUOTED_INCLUDE_IN_FRAMEWORK_HEADER = YES;
				CLANG_WARN_RANGE_LOOP_ANALYSIS = YES;
				CLANG_WARN_STRICT_PROTOTYPES = YES;
				CLANG_WARN_SUSPICIOUS_MOVE = YES;
				CLANG_WARN_UNGUARDED_AVAILABILITY = YES_AGGRESSIVE;
				CLANG_WARN_UNREACHABLE_CODE = YES;
				CLANG_WARN__DUPLICATE_METHOD_MATCH = YES;
				COPY_PHASE_STRIP = NO;
				DEBUG_INFORMATION_FORMAT = dwarf;
				ENABLE_STRICT_OBJC_MSGSEND = YES;
				ENABLE_TESTABILITY = YES;
				GCC_C_LANGUAGE_STANDARD = gnu11;
				GCC_DYNAMIC_NO_PIC = NO;
				GCC_NO_COMMON_BLOCKS = YES;
				GCC_OPTIMIZATION_LEVEL = 0;
				GCC_PREPROCESSOR_DEFINITIONS = (
					"DEBUG=1",
					"$(inherited)",
				);
				GCC_WARN_64_TO_32_BIT_CONVERSION = YES;
				GCC_WARN_ABOUT_RETURN_TYPE = YES_ERROR;
				GCC_WARN_UNDECLARED_SELECTOR = YES;
				GCC_WARN_UNINITIALIZED_AUTOS = YES_AGGRESSIVE;
				GCC_WARN_UNUSED_FUNCTION = YES;
				GCC_WARN_UNUSED_VARIABLE = YES;
				MACOSX_DEPLOYMENT_TARGET = 12.3;
				MTL_ENABLE_DEBUG_INFO = INCLUDE_SOURCE;
				MTL_FAST_MATH = YES;
				ONLY_ACTIVE_ARCH = YES;
				SDKROOT = macosx;
				SWIFT_ACTIVE_COMPILATION_CONDITIONS = DEBUG;
				SWIFT_OPTIMIZATION_LEVEL = "-Onone";
			};
			name = Debug;
		};
		AEB391C329146F41006A0F88 /* Release */ = {
			isa = XCBuildConfiguration;
			buildSettings = {
				ALWAYS_SEARCH_USER_PATHS = NO;
				CLANG_ANALYZER_NONNULL = YES;
				CLANG_ANALYZER_NUMBER_OBJECT_CONVERSION = YES_AGGRESSIVE;
				CLANG_CXX_LANGUAGE_STANDARD = "gnu++20";
				CLANG_ENABLE_MODULES = YES;
				CLANG_ENABLE_OBJC_ARC = YES;
				CLANG_ENABLE_OBJC_WEAK = YES;
				CLANG_WARN_BLOCK_CAPTURE_AUTORELEASING = YES;
				CLANG_WARN_BOOL_CONVERSION = YES;
				CLANG_WARN_COMMA = YES;
				CLANG_WARN_CONSTANT_CONVERSION = YES;
				CLANG_WARN_DEPRECATED_OBJC_IMPLEMENTATIONS = YES;
				CLANG_WARN_DIRECT_OBJC_ISA_USAGE = YES_ERROR;
				CLANG_WARN_DOCUMENTATION_COMMENTS = YES;
				CLANG_WARN_EMPTY_BODY = YES;
				CLANG_WARN_ENUM_CONVERSION = YES;
				CLANG_WARN_INFINITE_RECURSION = YES;
				CLANG_WARN_INT_CONVERSION = YES;
				CLANG_WARN_NON_LITERAL_NULL_CONVERSION = YES;
				CLANG_WARN_OBJC_IMPLICIT_RETAIN_SELF = YES;
				CLANG_WARN_OBJC_LITERAL_CONVERSION = YES;
				CLANG_WARN_OBJC_ROOT_CLASS = YES_ERROR;
				CLANG_WARN_QUOTED_INCLUDE_IN_FRAMEWORK_HEADER = YES;
				CLANG_WARN_RANGE_LOOP_ANALYSIS = YES;
				CLANG_WARN_STRICT_PROTOTYPES = YES;
				CLANG_WARN_SUSPICIOUS_MOVE = YES;
				CLANG_WARN_UNGUARDED_AVAILABILITY = YES_AGGRESSIVE;
				CLANG_WARN_UNREACHABLE_CODE = YES;
				CLANG_WARN__DUPLICATE_METHOD_MATCH = YES;
				COPY_PHASE_STRIP = NO;
				DEBUG_INFORMATION_FORMAT = "dwarf-with-dsym";
				ENABLE_NS_ASSERTIONS = NO;
				ENABLE_STRICT_OBJC_MSGSEND = YES;
				GCC_C_LANGUAGE_STANDARD = gnu11;
				GCC_NO_COMMON_BLOCKS = YES;
				GCC_WARN_64_TO_32_BIT_CONVERSION = YES;
				GCC_WARN_ABOUT_RETURN_TYPE = YES_ERROR;
				GCC_WARN_UNDECLARED_SELECTOR = YES;
				GCC_WARN_UNINITIALIZED_AUTOS = YES_AGGRESSIVE;
				GCC_WARN_UNUSED_FUNCTION = YES;
				GCC_WARN_UNUSED_VARIABLE = YES;
				MACOSX_DEPLOYMENT_TARGET = 12.3;
				MTL_ENABLE_DEBUG_INFO = NO;
				MTL_FAST_MATH = YES;
				SDKROOT = macosx;
				SWIFT_COMPILATION_MODE = wholemodule;
				SWIFT_OPTIMIZATION_LEVEL = "-O";
			};
			name = Release;
		};
		AEB391C529146F41006A0F88 /* Debug */ = {
			isa = XCBuildConfiguration;
			buildSettings = {
				ASSETCATALOG_COMPILER_APPICON_NAME = AppIcon;
				ASSETCATALOG_COMPILER_GLOBAL_ACCENT_COLOR_NAME = AccentColor;
				CODE_SIGN_ENTITLEMENTS = Agent/keeta_secretive.entitlements;
				CODE_SIGN_STYLE = Automatic;
				COMBINE_HIDPI_IMAGES = YES;
				CURRENT_PROJECT_VERSION = 8;
				DEVELOPMENT_ASSET_PATHS = "";
				DEVELOPMENT_TEAM = 2BG69HN56W;
				ENABLE_HARDENED_RUNTIME = YES;
				ENABLE_PREVIEWS = YES;
				GENERATE_INFOPLIST_FILE = YES;
				INFOPLIST_FILE = Agent/Info.plist;
				INFOPLIST_KEY_CFBundleDisplayName = "Keeta Agent";
				INFOPLIST_KEY_LSApplicationCategoryType = "public.app-category.utilities";
				INFOPLIST_KEY_LSUIElement = YES;
				INFOPLIST_KEY_NSHumanReadableCopyright = "";
				INFOPLIST_KEY_NSPrincipalClass = NSApplication;
				LD_RUNPATH_SEARCH_PATHS = (
					"$(inherited)",
					"@executable_path/../Frameworks",
				);
				LIBRARY_SEARCH_PATHS = (
					"$(inherited)",
					"$(PROJECT_DIR)/Agent/gnupg/lib",
				);
				MARKETING_VERSION = 1.4;
				PRODUCT_BUNDLE_IDENTIFIER = com.keeta.agent;
				PRODUCT_NAME = "$(TARGET_NAME)";
				SWIFT_EMIT_LOC_STRINGS = YES;
				SWIFT_VERSION = 5.0;
			};
			name = Debug;
		};
		AEB391C629146F41006A0F88 /* Release */ = {
			isa = XCBuildConfiguration;
			buildSettings = {
				ASSETCATALOG_COMPILER_APPICON_NAME = AppIcon;
				ASSETCATALOG_COMPILER_GLOBAL_ACCENT_COLOR_NAME = AccentColor;
				CODE_SIGN_ENTITLEMENTS = Agent/keeta_secretive.entitlements;
				CODE_SIGN_STYLE = Automatic;
				COMBINE_HIDPI_IMAGES = YES;
				CURRENT_PROJECT_VERSION = 8;
				DEVELOPMENT_ASSET_PATHS = "";
				DEVELOPMENT_TEAM = 2BG69HN56W;
				ENABLE_HARDENED_RUNTIME = YES;
				ENABLE_PREVIEWS = YES;
				GENERATE_INFOPLIST_FILE = YES;
				INFOPLIST_FILE = Agent/Info.plist;
				INFOPLIST_KEY_CFBundleDisplayName = "Keeta Agent";
				INFOPLIST_KEY_LSApplicationCategoryType = "public.app-category.utilities";
				INFOPLIST_KEY_LSUIElement = YES;
				INFOPLIST_KEY_NSHumanReadableCopyright = "";
				INFOPLIST_KEY_NSPrincipalClass = NSApplication;
				LD_RUNPATH_SEARCH_PATHS = (
					"$(inherited)",
					"@executable_path/../Frameworks",
				);
				LIBRARY_SEARCH_PATHS = (
					"$(inherited)",
					"$(PROJECT_DIR)/Agent/gnupg/lib",
				);
				MARKETING_VERSION = 1.4;
				PRODUCT_BUNDLE_IDENTIFIER = com.keeta.agent;
				PRODUCT_NAME = "$(TARGET_NAME)";
				SWIFT_EMIT_LOC_STRINGS = YES;
				SWIFT_VERSION = 5.0;
			};
			name = Release;
		};
		AEB391C829146F41006A0F88 /* Debug */ = {
			isa = XCBuildConfiguration;
			buildSettings = {
				ALWAYS_EMBED_SWIFT_STANDARD_LIBRARIES = YES;
				BUNDLE_LOADER = "$(TEST_HOST)";
				CODE_SIGN_STYLE = Automatic;
				CURRENT_PROJECT_VERSION = 1;
				DEVELOPMENT_TEAM = 2BG69HN56W;
				GENERATE_INFOPLIST_FILE = YES;
				MACOSX_DEPLOYMENT_TARGET = 12.3;
				MARKETING_VERSION = 1.0;
				PRODUCT_BUNDLE_IDENTIFIER = "com.keeta.secretive.keeta-secretiveTests";
				PRODUCT_NAME = "$(TARGET_NAME)";
				SWIFT_EMIT_LOC_STRINGS = NO;
				SWIFT_VERSION = 5.0;
				TEST_HOST = "$(BUILT_PRODUCTS_DIR)/Agent.app/$(BUNDLE_EXECUTABLE_FOLDER_PATH)/Agent";
			};
			name = Debug;
		};
		AEB391C929146F41006A0F88 /* Release */ = {
			isa = XCBuildConfiguration;
			buildSettings = {
				ALWAYS_EMBED_SWIFT_STANDARD_LIBRARIES = YES;
				BUNDLE_LOADER = "$(TEST_HOST)";
				CODE_SIGN_STYLE = Automatic;
				CURRENT_PROJECT_VERSION = 1;
				DEVELOPMENT_TEAM = 2BG69HN56W;
				GENERATE_INFOPLIST_FILE = YES;
				MACOSX_DEPLOYMENT_TARGET = 12.3;
				MARKETING_VERSION = 1.0;
				PRODUCT_BUNDLE_IDENTIFIER = "com.keeta.secretive.keeta-secretiveTests";
				PRODUCT_NAME = "$(TARGET_NAME)";
				SWIFT_EMIT_LOC_STRINGS = NO;
				SWIFT_VERSION = 5.0;
				TEST_HOST = "$(BUILT_PRODUCTS_DIR)/Agent.app/$(BUNDLE_EXECUTABLE_FOLDER_PATH)/Agent";
			};
			name = Release;
		};
/* End XCBuildConfiguration section */

/* Begin XCConfigurationList section */
		AEB3919A29146F40006A0F88 /* Build configuration list for PBXProject "Agent" */ = {
			isa = XCConfigurationList;
			buildConfigurations = (
				AEB391C229146F41006A0F88 /* Debug */,
				AEB391C329146F41006A0F88 /* Release */,
			);
			defaultConfigurationIsVisible = 0;
			defaultConfigurationName = Release;
		};
		AEB391C429146F41006A0F88 /* Build configuration list for PBXNativeTarget "Agent" */ = {
			isa = XCConfigurationList;
			buildConfigurations = (
				AEB391C529146F41006A0F88 /* Debug */,
				AEB391C629146F41006A0F88 /* Release */,
			);
			defaultConfigurationIsVisible = 0;
			defaultConfigurationName = Release;
		};
		AEB391C729146F41006A0F88 /* Build configuration list for PBXNativeTarget "AgentTests" */ = {
			isa = XCConfigurationList;
			buildConfigurations = (
				AEB391C829146F41006A0F88 /* Debug */,
				AEB391C929146F41006A0F88 /* Release */,
			);
			defaultConfigurationIsVisible = 0;
			defaultConfigurationName = Release;
		};
/* End XCConfigurationList section */

/* Begin XCRemoteSwiftPackageReference section */
		02780061291A6DBF00B8BA11 /* XCRemoteSwiftPackageReference "keeta-storage" */ = {
			isa = XCRemoteSwiftPackageReference;
			repositoryURL = "https://github.com/KeetaPay/keeta-storage.git";
			requirement = {
				branch = main;
				kind = branch;
			};
		};
/* End XCRemoteSwiftPackageReference section */

/* Begin XCSwiftPackageProductDependency section */
		02780062291A6DBF00B8BA11 /* keeta-secure-storage */ = {
			isa = XCSwiftPackageProductDependency;
			package = 02780061291A6DBF00B8BA11 /* XCRemoteSwiftPackageReference "keeta-storage" */;
			productName = "keeta-secure-storage";
		};
/* End XCSwiftPackageProductDependency section */
	};
	rootObject = AEB3919729146F40006A0F88 /* Project object */;
}
