{
  "originHash" : "1a59579412f3e0ebc438664bd21419286d96e49991440a17ee5dac1066d4f9f2",
  "pins" : [
    {
      "identity" : "keeta-storage",
      "kind" : "remoteSourceControl",
      "location" : "https://github.com/KeetaPay/keeta-storage.git",
      "state" : {
        "branch" : "main",
        "revision" : "9ac96c3130cdf2b7bf59793728150a4bcda56c0f"
      }
    },
    {
      "identity" : "keychain-swift",
      "kind" : "remoteSourceControl",
      "location" : "https://github.com/evgenyneu/keychain-swift.git",
      "state" : {
        "revision" : "d108a1fa6189e661f91560548ef48651ed8d93b9",
        "version" : "20.0.0"
      }
    }
  ],
  "version" : 3
}
